<Solution>
  <Configurations>
    <Platform Name="Any CPU" />
    <Platform Name="x64" />
    <Platform Name="x86" />
  </Configurations>
  <Project Path="src\Turso.Data.Sqlite\Turso.Data.Sqlite.csproj" />
  <Project Path="src\Turso.EntityFrameworkCore.Sqlite\Turso.EntityFrameworkCore.Sqlite.csproj" />
  <Project Path="src\Turso.Data\Turso.Data.csproj" />
  <Project Path="src\Turso.Core\Turso.Core.csproj" />
  <Project Path="src\Turso.Platform.Client\Turso.Platform.Client.csproj" />
  <Project Path="src\Turso.Serverless.Client\Turso.Serverless.Client.csproj" />
</Solution>
